
Microsoft Visual Studio Solution File, Format Version 12.00
# Visual Studio 14
VisualStudioVersion = 14.0.25420.1
MinimumVisualStudioVersion = 10.0.40219.1
Project("{FAE04EC0-301F-11D3-BF4B-00C04F79EFBC}") = "WinGrid", "WinGrid\WinGrid.csproj", "{EB420A23-F0CF-48F2-87AC-3619E2DCB684}"
EndProject
Global
	GlobalSection(SolutionConfigurationPlatforms) = preSolution
		Debug|Any CPU = Debug|Any CPU
		Release|Any CPU = Release|Any CPU
	EndGlobalSection
	GlobalSection(ProjectConfigurationPlatforms) = postSolution
		{EB420A23-F0CF-48F2-87AC-3619E2DCB684}.Debug|Any CPU.ActiveCfg = Debug|Any CPU
		{EB420A23-F0CF-48F2-87AC-3619E2DCB684}.Debug|Any CPU.Build.0 = Debug|Any CPU
		{EB420A23-F0CF-48F2-87AC-3619E2DCB684}.Release|Any CPU.ActiveCfg = Release|Any CPU
		{EB420A23-F0CF-48F2-87AC-3619E2DCB684}.Release|Any CPU.Build.0 = Release|Any CPU
	EndGlobalSection
	GlobalSection(SolutionProperties) = preSolution
		HideSolutionNode = FALSE
	EndGlobalSection
EndGlobal
